
Microsoft Visual Studio Solution File, Format Version 12.00
# Visual Studio Version 16
VisualStudioVersion = 16.0.32002.261
MinimumVisualStudioVersion = 10.0.40219.1
Project("{FAE04EC0-301F-11D3-BF4B-00C04F79EFBC}") = "WebApplication29", "WebApplication29\WebApplication29.csproj", "{6BC4DE71-984D-4146-AC32-A8181D6C9AEA}"
EndProject
Global
	GlobalSection(SolutionConfigurationPlatforms) = preSolution
		Debug|Any CPU = Debug|Any CPU
		Release|Any CPU = Release|Any CPU
	EndGlobalSection
	GlobalSection(ProjectConfigurationPlatforms) = postSolution
		{6BC4DE71-984D-4146-AC32-A8181D6C9AEA}.Debug|Any CPU.ActiveCfg = Debug|Any CPU
		{6BC4DE71-984D-4146-AC32-A8181D6C9AEA}.Debug|Any CPU.Build.0 = Debug|Any CPU
		{6BC4DE71-984D-4146-AC32-A8181D6C9AEA}.Release|Any CPU.ActiveCfg = Release|Any CPU
		{6BC4DE71-984D-4146-AC32-A8181D6C9AEA}.Release|Any CPU.Build.0 = Release|Any CPU
	EndGlobalSection
	GlobalSection(SolutionProperties) = preSolution
		HideSolutionNode = FALSE
	EndGlobalSection
	GlobalSection(ExtensibilityGlobals) = postSolution
		SolutionGuid = {8034BBBC-1D95-42AD-858C-BE3A1F14ECE6}
	EndGlobalSection
EndGlobal
