
Microsoft Visual Studio Solution File, Format Version 12.00
# Visual Studio Version 16
VisualStudioVersion = 16.0.32002.261
MinimumVisualStudioVersion = 10.0.40219.1
Project("{FAE04EC0-301F-11D3-BF4B-00C04F79EFBC}") = "WebApplication15", "WebApplication15\WebApplication15.csproj", "{C79190CE-B94C-45ED-B89E-9D445DC22379}"
EndProject
Global
	GlobalSection(SolutionConfigurationPlatforms) = preSolution
		Debug|Any CPU = Debug|Any CPU
		Release|Any CPU = Release|Any CPU
	EndGlobalSection
	GlobalSection(ProjectConfigurationPlatforms) = postSolution
		{C79190CE-B94C-45ED-B89E-9D445DC22379}.Debug|Any CPU.ActiveCfg = Debug|Any CPU
		{C79190CE-B94C-45ED-B89E-9D445DC22379}.Debug|Any CPU.Build.0 = Debug|Any CPU
		{C79190CE-B94C-45ED-B89E-9D445DC22379}.Release|Any CPU.ActiveCfg = Release|Any CPU
		{C79190CE-B94C-45ED-B89E-9D445DC22379}.Release|Any CPU.Build.0 = Release|Any CPU
	EndGlobalSection
	GlobalSection(SolutionProperties) = preSolution
		HideSolutionNode = FALSE
	EndGlobalSection
	GlobalSection(ExtensibilityGlobals) = postSolution
		SolutionGuid = {BBC58A2B-6BA2-41D8-B254-F307A21BAD64}
	EndGlobalSection
EndGlobal
