
Microsoft Visual Studio Solution File, Format Version 12.00
# Visual Studio Version 16
VisualStudioVersion = 16.0.32002.261
MinimumVisualStudioVersion = 10.0.40219.1
Project("{FAE04EC0-301F-11D3-BF4B-00C04F79EFBC}") = "ConsoleApp25", "ConsoleApp25\ConsoleApp25.csproj", "{AD31662B-D346-4D75-81D4-CB0D578227DC}"
EndProject
Global
	GlobalSection(SolutionConfigurationPlatforms) = preSolution
		Debug|Any CPU = Debug|Any CPU
		Release|Any CPU = Release|Any CPU
	EndGlobalSection
	GlobalSection(ProjectConfigurationPlatforms) = postSolution
		{AD31662B-D346-4D75-81D4-CB0D578227DC}.Debug|Any CPU.ActiveCfg = Debug|Any CPU
		{AD31662B-D346-4D75-81D4-CB0D578227DC}.Debug|Any CPU.Build.0 = Debug|Any CPU
		{AD31662B-D346-4D75-81D4-CB0D578227DC}.Release|Any CPU.ActiveCfg = Release|Any CPU
		{AD31662B-D346-4D75-81D4-CB0D578227DC}.Release|Any CPU.Build.0 = Release|Any CPU
	EndGlobalSection
	GlobalSection(SolutionProperties) = preSolution
		HideSolutionNode = FALSE
	EndGlobalSection
	GlobalSection(ExtensibilityGlobals) = postSolution
		SolutionGuid = {80F69D38-0B33-4506-A9FE-A9142804E195}
	EndGlobalSection
EndGlobal
