
Microsoft Visual Studio Solution File, Format Version 12.00
# Visual Studio Version 16
VisualStudioVersion = 16.0.32002.261
MinimumVisualStudioVersion = 10.0.40219.1
Project("{FAE04EC0-301F-11D3-BF4B-00C04F79EFBC}") = "ConsoleApp14", "ConsoleApp14\ConsoleApp14.csproj", "{839E8BFE-E973-42DD-945E-35D30A791D69}"
EndProject
Global
	GlobalSection(SolutionConfigurationPlatforms) = preSolution
		Debug|Any CPU = Debug|Any CPU
		Release|Any CPU = Release|Any CPU
	EndGlobalSection
	GlobalSection(ProjectConfigurationPlatforms) = postSolution
		{839E8BFE-E973-42DD-945E-35D30A791D69}.Debug|Any CPU.ActiveCfg = Debug|Any CPU
		{839E8BFE-E973-42DD-945E-35D30A791D69}.Debug|Any CPU.Build.0 = Debug|Any CPU
		{839E8BFE-E973-42DD-945E-35D30A791D69}.Release|Any CPU.ActiveCfg = Release|Any CPU
		{839E8BFE-E973-42DD-945E-35D30A791D69}.Release|Any CPU.Build.0 = Release|Any CPU
	EndGlobalSection
	GlobalSection(SolutionProperties) = preSolution
		HideSolutionNode = FALSE
	EndGlobalSection
	GlobalSection(ExtensibilityGlobals) = postSolution
		SolutionGuid = {8A42BD65-A07C-472B-BD49-B34EAC10D43E}
	EndGlobalSection
EndGlobal
