
Microsoft Visual Studio Solution File, Format Version 12.00
# Visual Studio Version 16
VisualStudioVersion = 16.0.32002.261
MinimumVisualStudioVersion = 10.0.40219.1
Project("{FAE04EC0-301F-11D3-BF4B-00C04F79EFBC}") = "WebApplication7", "WebApplication7\WebApplication7.csproj", "{02B1FB3D-9E97-4EC9-9D54-BF0E36458925}"
EndProject
Global
	GlobalSection(SolutionConfigurationPlatforms) = preSolution
		Debug|Any CPU = Debug|Any CPU
		Release|Any CPU = Release|Any CPU
	EndGlobalSection
	GlobalSection(ProjectConfigurationPlatforms) = postSolution
		{02B1FB3D-9E97-4EC9-9D54-BF0E36458925}.Debug|Any CPU.ActiveCfg = Debug|Any CPU
		{02B1FB3D-9E97-4EC9-9D54-BF0E36458925}.Debug|Any CPU.Build.0 = Debug|Any CPU
		{02B1FB3D-9E97-4EC9-9D54-BF0E36458925}.Release|Any CPU.ActiveCfg = Release|Any CPU
		{02B1FB3D-9E97-4EC9-9D54-BF0E36458925}.Release|Any CPU.Build.0 = Release|Any CPU
	EndGlobalSection
	GlobalSection(SolutionProperties) = preSolution
		HideSolutionNode = FALSE
	EndGlobalSection
	GlobalSection(ExtensibilityGlobals) = postSolution
		SolutionGuid = {56731940-33EC-41FF-9EED-AD9510D4BBBD}
	EndGlobalSection
EndGlobal
